
Microsoft Visual Studio Solution File, Format Version 12.00
# Visual Studio Version 17
VisualStudioVersion = 17.3.32929.385
MinimumVisualStudioVersion = 10.0.40219.1
Project("{8BC9CEB8-8B4A-11D0-8D11-00A0C91BC942}") = "Lab 9.2 B", "Lab 9.2 B\Lab 9.2 B.vcxproj", "{954FEFBA-EB5C-4BF9-8DEB-BFAE7CDC86C7}"
EndProject
Project("{8BC9CEB8-8B4A-11D0-8D11-00A0C91BC942}") = "UnitTest 9.2.B", "UnitTest 9.2.B\UnitTest 9.2.B.vcxproj", "{E000552B-893D-4F8D-9B3E-35EBFF102711}"
EndProject
Global
	GlobalSection(SolutionConfigurationPlatforms) = preSolution
		Debug|x64 = Debug|x64
		Debug|x86 = Debug|x86
		Release|x64 = Release|x64
		Release|x86 = Release|x86
	EndGlobalSection
	GlobalSection(ProjectConfigurationPlatforms) = postSolution
		{954FEFBA-EB5C-4BF9-8DEB-BFAE7CDC86C7}.Debug|x64.ActiveCfg = Debug|x64
		{954FEFBA-EB5C-4BF9-8DEB-BFAE7CDC86C7}.Debug|x64.Build.0 = Debug|x64
		{954FEFBA-EB5C-4BF9-8DEB-BFAE7CDC86C7}.Debug|x86.ActiveCfg = Debug|Win32
		{954FEFBA-EB5C-4BF9-8DEB-BFAE7CDC86C7}.Debug|x86.Build.0 = Debug|Win32
		{954FEFBA-EB5C-4BF9-8DEB-BFAE7CDC86C7}.Release|x64.ActiveCfg = Release|x64
		{954FEFBA-EB5C-4BF9-8DEB-BFAE7CDC86C7}.Release|x64.Build.0 = Release|x64
		{954FEFBA-EB5C-4BF9-8DEB-BFAE7CDC86C7}.Release|x86.ActiveCfg = Release|Win32
		{954FEFBA-EB5C-4BF9-8DEB-BFAE7CDC86C7}.Release|x86.Build.0 = Release|Win32
		{E000552B-893D-4F8D-9B3E-35EBFF102711}.Debug|x64.ActiveCfg = Debug|x64
		{E000552B-893D-4F8D-9B3E-35EBFF102711}.Debug|x64.Build.0 = Debug|x64
		{E000552B-893D-4F8D-9B3E-35EBFF102711}.Debug|x86.ActiveCfg = Debug|Win32
		{E000552B-893D-4F8D-9B3E-35EBFF102711}.Debug|x86.Build.0 = Debug|Win32
		{E000552B-893D-4F8D-9B3E-35EBFF102711}.Release|x64.ActiveCfg = Release|x64
		{E000552B-893D-4F8D-9B3E-35EBFF102711}.Release|x64.Build.0 = Release|x64
		{E000552B-893D-4F8D-9B3E-35EBFF102711}.Release|x86.ActiveCfg = Release|Win32
		{E000552B-893D-4F8D-9B3E-35EBFF102711}.Release|x86.Build.0 = Release|Win32
	EndGlobalSection
	GlobalSection(SolutionProperties) = preSolution
		HideSolutionNode = FALSE
	EndGlobalSection
	GlobalSection(ExtensibilityGlobals) = postSolution
		SolutionGuid = {B32879A6-9488-4525-BA56-FD9E620197D5}
	EndGlobalSection
EndGlobal
